
Microsoft Visual Studio Solution File, Format Version 12.00
# Visual Studio 15
VisualStudioVersion = 15.0.28307.136
MinimumVisualStudioVersion = 10.0.40219.1
Project("{FAE04EC0-301F-11D3-BF4B-00C04F79EFBC}") = "Collections", "Collections\Collections.csproj", "{310948B9-6F4C-4FD0-B35F-938F931BFB8C}"
EndProject
Global
	GlobalSection(SolutionConfigurationPlatforms) = preSolution
		Debug|Any CPU = Debug|Any CPU
		Release|Any CPU = Release|Any CPU
	EndGlobalSection
	GlobalSection(ProjectConfigurationPlatforms) = postSolution
		{310948B9-6F4C-4FD0-B35F-938F931BFB8C}.Debug|Any CPU.ActiveCfg = Debug|Any CPU
		{310948B9-6F4C-4FD0-B35F-938F931BFB8C}.Debug|Any CPU.Build.0 = Debug|Any CPU
		{310948B9-6F4C-4FD0-B35F-938F931BFB8C}.Release|Any CPU.ActiveCfg = Release|Any CPU
		{310948B9-6F4C-4FD0-B35F-938F931BFB8C}.Release|Any CPU.Build.0 = Release|Any CPU
	EndGlobalSection
	GlobalSection(SolutionProperties) = preSolution
		HideSolutionNode = FALSE
	EndGlobalSection
	GlobalSection(ExtensibilityGlobals) = postSolution
		SolutionGuid = {BB37AD90-ACB0-4985-A191-95A7D09F029C}
	EndGlobalSection
EndGlobal
